<?xml version="1.0" encoding="UTF-8" standalone="yes" ?>
<CodeBlocks_project_file>
	<FileVersion major="1" minor="6" />
	<Project>
		<Option title="TP1-Trabalho_1" />
		<Option pch_mode="2" />
		<Option compiler="gcc" />
		<Build>
			<Target title="Debug">
				<Option output="bin/Debug/TP1-Trabalho_1" prefix_auto="1" extension_auto="1" />
				<Option object_output="obj/Debug/" />
				<Option type="1" />
				<Option compiler="gcc" />
				<Compiler>
					<Add option="-g" />
					<Add option="-Wdeprecated -std=c++17" />
				</Compiler>
			</Target>
			<Target title="Release">
				<Option output="bin/Release/TP1-Trabalho_1" prefix_auto="1" extension_auto="1" />
				<Option object_output="obj/Release/" />
				<Option type="1" />
				<Option compiler="gcc" />
				<Compiler>
					<Add option="-O2" />
				</Compiler>
				<Linker>
					<Add option="-s" />
					<Add library="./pdcurses.a" />
				</Linker>
			</Target>
		</Build>
		<Compiler>
			<Add option="-Wall" />
			<Add option="-std=gnu++17" />
			<Add option="-std=c++17" />
			<Add option="-fexceptions" />
			<Add option="-Wsign-compare" />
		</Compiler>
		<Unit filename="controladora_apresentacao.cpp" />
		<Unit filename="controladora_apresentacao.h" />
		<Unit filename="controladora_servico.cpp" />
		<Unit filename="controladora_servico.h" />
		<Unit filename="curses.h" />
		<Unit filename="dominios.cpp" />
		<Unit filename="dominios.h">
			<Option compiler="gcc" use="1" buildCommand="-Wdeprecated" />
		</Unit>
		<Unit filename="entidades.cpp" />
		<Unit filename="entidades.h" />
		<Unit filename="interfaces.h" />
		<Unit filename="main.cpp" />
		<Unit filename="sqlite3.h" />
		<Unit filename="stubs.cpp" />
		<Unit filename="stubs.h" />
		<Unit filename="testes_dominios.cpp" />
		<Unit filename="testes_dominios.h">
			<Option compiler="gcc" use="1" buildCommand="-std=c++17" />
		</Unit>
		<Unit filename="testes_entidades.cpp" />
		<Unit filename="testes_entidades.h" />
		<Extensions>
			<DoxyBlocks>
				<comment_style block="2" line="2" />
				<doxyfile_project />
				<doxyfile_build />
				<doxyfile_warnings />
				<doxyfile_output />
				<doxyfile_dot />
				<general />
			</DoxyBlocks>
		</Extensions>
	</Project>
</CodeBlocks_project_file>
